
Microsoft Visual Studio Solution File, Format Version 12.00
# Visual Studio Version 16
VisualStudioVersion = 16.0.32802.440
MinimumVisualStudioVersion = 10.0.40219.1
Project("{FAE04EC0-301F-11D3-BF4B-00C04F79EFBC}") = "QLCuaHangBanHoa", "QLCuaHangBanHoa\QLCuaHangBanHoa.csproj", "{72DA912B-6110-4B9D-AFA6-9B7B21350D47}"
EndProject
Global
	GlobalSection(SolutionConfigurationPlatforms) = preSolution
		Debug|Any CPU = Debug|Any CPU
		Release|Any CPU = Release|Any CPU
	EndGlobalSection
	GlobalSection(ProjectConfigurationPlatforms) = postSolution
		{72DA912B-6110-4B9D-AFA6-9B7B21350D47}.Debug|Any CPU.ActiveCfg = Debug|Any CPU
		{72DA912B-6110-4B9D-AFA6-9B7B21350D47}.Debug|Any CPU.Build.0 = Debug|Any CPU
		{72DA912B-6110-4B9D-AFA6-9B7B21350D47}.Release|Any CPU.ActiveCfg = Release|Any CPU
		{72DA912B-6110-4B9D-AFA6-9B7B21350D47}.Release|Any CPU.Build.0 = Release|Any CPU
	EndGlobalSection
	GlobalSection(SolutionProperties) = preSolution
		HideSolutionNode = FALSE
	EndGlobalSection
	GlobalSection(ExtensibilityGlobals) = postSolution
		SolutionGuid = {F7B7A083-B07F-4344-ADAA-18F73E28E48D}
	EndGlobalSection
EndGlobal
